// !$*UTF8*$!
{
	archiveVersion = 1;
	classes = {
	};
	objectVersion = 56;
	objects = {

/* Begin PBXBuildFile section */
		F5E0928D2A1CA63C0022807C /* FarmFusionApp.swift in Sources */ = {isa = PBXBuildFile; fileRef = F5E0928C2A1CA63C0022807C /* FarmFusionApp.swift */; };
		F5E0928F2A1CA63C0022807C /* ContentView.swift in Sources */ = {isa = PBXBuildFile; fileRef = F5E0928E2A1CA63C0022807C /* ContentView.swift */; };
		F5E092912A1CA63E0022807C /* Assets.xcassets in Resources */ = {isa = PBXBuildFile; fileRef = F5E092902A1CA63E0022807C /* Assets.xcassets */; };
		F5E092942A1CA63E0022807C /* Preview Assets.xcassets in Resources */ = {isa = PBXBuildFile; fileRef = F5E092932A1CA63E0022807C /* Preview Assets.xcassets */; };
		F5E0929E2A1CA63E0022807C /* FarmFusionTests.swift in Sources */ = {isa = PBXBuildFile; fileRef = F5E0929D2A1CA63E0022807C /* FarmFusionTests.swift */; };
		F5E092A82A1CA63E0022807C /* FarmFusionUITests.swift in Sources */ = {isa = PBXBuildFile; fileRef = F5E092A72A1CA63E0022807C /* FarmFusionUITests.swift */; };
		F5E092AA2A1CA63E0022807C /* FarmFusionUITestsLaunchTests.swift in Sources */ = {isa = PBXBuildFile; fileRef = F5E092A92A1CA63E0022807C /* FarmFusionUITestsLaunchTests.swift */; };
		F5E092B72A1CA6CA0022807C /* SignUp.swift in Sources */ = {isa = PBXBuildFile; fileRef = F5E092B62A1CA6CA0022807C /* SignUp.swift */; };
		F5E092BB2A1CC0E10022807C /* ButtonView.swift in Sources */ = {isa = PBXBuildFile; fileRef = F5E092BA2A1CC0E10022807C /* ButtonView.swift */; };
		F5E092BD2A1CCD340022807C /* TabBar.swift in Sources */ = {isa = PBXBuildFile; fileRef = F5E092BC2A1CCD340022807C /* TabBar.swift */; };
		F5E092BF2A1D0F740022807C /* SecondView.swift in Sources */ = {isa = PBXBuildFile; fileRef = F5E092BE2A1D0F740022807C /* SecondView.swift */; };
/* End PBXBuildFile section */

/* Begin PBXContainerItemProxy section */
		F5E0929A2A1CA63E0022807C /* PBXContainerItemProxy */ = {
			isa = PBXContainerItemProxy;
			containerPortal = F5E092812A1CA63C0022807C /* Project object */;
			proxyType = 1;
			remoteGlobalIDString = F5E092882A1CA63C0022807C;
			remoteInfo = FarmFusion;
		};
		F5E092A42A1CA63E0022807C /* PBXContainerItemProxy */ = {
			isa = PBXContainerItemProxy;
			containerPortal = F5E092812A1CA63C0022807C /* Project object */;
			proxyType = 1;
			remoteGlobalIDString = F5E092882A1CA63C0022807C;
			remoteInfo = FarmFusion;
		};
/* End PBXContainerItemProxy section */

/* Begin PBXFileReference section */
		F5E092892A1CA63C0022807C /* FarmFusion.app */ = {isa = PBXFileReference; explicitFileType = wrapper.application; includeInIndex = 0; path = FarmFusion.app; sourceTree = BUILT_PRODUCTS_DIR; };
		F5E0928C2A1CA63C0022807C /* FarmFusionApp.swift */ = {isa = PBXFileReference; lastKnownFileType = sourcecode.swift; path = FarmFusionApp.swift; sourceTree = "<group>"; };
		F5E0928E2A1CA63C0022807C /* ContentView.swift */ = {isa = PBXFileReference; lastKnownFileType = sourcecode.swift; path = ContentView.swift; sourceTree = "<group>"; };
		F5E092902A1CA63E0022807C /* Assets.xcassets */ = {isa = PBXFileReference; lastKnownFileType = folder.assetcatalog; path = Assets.xcassets; sourceTree = "<group>"; };
		F5E092932A1CA63E0022807C /* Preview Assets.xcassets */ = {isa = PBXFileReference; lastKnownFileType = folder.assetcatalog; path = "Preview Assets.xcassets"; sourceTree = "<group>"; };
		F5E092992A1CA63E0022807C /* FarmFusionTests.xctest */ = {isa = PBXFileReference; explicitFileType = wrapper.cfbundle; includeInIndex = 0; path = FarmFusionTests.xctest; sourceTree = BUILT_PRODUCTS_DIR; };
		F5E0929D2A1CA63E0022807C /* FarmFusionTests.swift */ = {isa = PBXFileReference; lastKnownFileType = sourcecode.swift; path = FarmFusionTests.swift; sourceTree = "<group>"; };
		F5E092A32A1CA63E0022807C /* FarmFusionUITests.xctest */ = {isa = PBXFileReference; explicitFileType = wrapper.cfbundle; includeInIndex = 0; path = FarmFusionUITests.xctest; sourceTree = BUILT_PRODUCTS_DIR; };
		F5E092A72A1CA63E0022807C /* FarmFusionUITests.swift */ = {isa = PBXFileReference; lastKnownFileType = sourcecode.swift; path = FarmFusionUITests.swift; sourceTree = "<group>"; };
		F5E092A92A1CA63E0022807C /* FarmFusionUITestsLaunchTests.swift */ = {isa = PBXFileReference; lastKnownFileType = sourcecode.swift; path = FarmFusionUITestsLaunchTests.swift; sourceTree = "<group>"; };
		F5E092B62A1CA6CA0022807C /* SignUp.swift */ = {isa = PBXFileReference; lastKnownFileType = sourcecode.swift; path = SignUp.swift; sourceTree = "<group>"; };
		F5E092BA2A1CC0E10022807C /* ButtonView.swift */ = {isa = PBXFileReference; lastKnownFileType = sourcecode.swift; path = ButtonView.swift; sourceTree = "<group>"; };
		F5E092BC2A1CCD340022807C /* TabBar.swift */ = {isa = PBXFileReference; lastKnownFileType = sourcecode.swift; path = TabBar.swift; sourceTree = "<group>"; };
		F5E092BE2A1D0F740022807C /* SecondView.swift */ = {isa = PBXFileReference; lastKnownFileType = sourcecode.swift; path = SecondView.swift; sourceTree = "<group>"; };
/* End PBXFileReference section */

/* Begin PBXFrameworksBuildPhase section */
		F5E092862A1CA63C0022807C /* Frameworks */ = {
			isa = PBXFrameworksBuildPhase;
			buildActionMask = 2147483647;
			files = (
			);
			runOnlyForDeploymentPostprocessing = 0;
		};
		F5E092962A1CA63E0022807C /* Frameworks */ = {
			isa = PBXFrameworksBuildPhase;
			buildActionMask = 2147483647;
			files = (
			);
			runOnlyForDeploymentPostprocessing = 0;
		};
		F5E092A02A1CA63E0022807C /* Frameworks */ = {
			isa = PBXFrameworksBuildPhase;
			buildActionMask = 2147483647;
			files = (
			);
			runOnlyForDeploymentPostprocessing = 0;
		};
/* End PBXFrameworksBuildPhase section */

/* Begin PBXGroup section */
		F5E092802A1CA63C0022807C = {
			isa = PBXGroup;
			children = (
				F5E0928B2A1CA63C0022807C /* FarmFusion */,
				F5E0929C2A1CA63E0022807C /* FarmFusionTests */,
				F5E092A62A1CA63E0022807C /* FarmFusionUITests */,
				F5E0928A2A1CA63C0022807C /* Products */,
			);
			sourceTree = "<group>";
		};
		F5E0928A2A1CA63C0022807C /* Products */ = {
			isa = PBXGroup;
			children = (
				F5E092892A1CA63C0022807C /* FarmFusion.app */,
				F5E092992A1CA63E0022807C /* FarmFusionTests.xctest */,
				F5E092A32A1CA63E0022807C /* FarmFusionUITests.xctest */,
			);
			name = Products;
			sourceTree = "<group>";
		};
		F5E0928B2A1CA63C0022807C /* FarmFusion */ = {
			isa = PBXGroup;
			children = (
				F5E0928C2A1CA63C0022807C /* FarmFusionApp.swift */,
				F5E0928E2A1CA63C0022807C /* ContentView.swift */,
				F5E092B62A1CA6CA0022807C /* SignUp.swift */,
				F5E092BC2A1CCD340022807C /* TabBar.swift */,
				F5E092BA2A1CC0E10022807C /* ButtonView.swift */,
				F5E092BE2A1D0F740022807C /* SecondView.swift */,
				F5E092902A1CA63E0022807C /* Assets.xcassets */,
				F5E092922A1CA63E0022807C /* Preview Content */,
			);
			path = FarmFusion;
			sourceTree = "<group>";
		};
		F5E092922A1CA63E0022807C /* Preview Content */ = {
			isa = PBXGroup;
			children = (
				F5E092932A1CA63E0022807C /* Preview Assets.xcassets */,
			);
			path = "Preview Content";
			sourceTree = "<group>";
		};
		F5E0929C2A1CA63E0022807C /* FarmFusionTests */ = {
			isa = PBXGroup;
			children = (
				F5E0929D2A1CA63E0022807C /* FarmFusionTests.swift */,
			);
			path = FarmFusionTests;
			sourceTree = "<group>";
		};
		F5E092A62A1CA63E0022807C /* FarmFusionUITests */ = {
			isa = PBXGroup;
			children = (
				F5E092A72A1CA63E0022807C /* FarmFusionUITests.swift */,
				F5E092A92A1CA63E0022807C /* FarmFusionUITestsLaunchTests.swift */,
			);
			path = FarmFusionUITests;
			sourceTree = "<group>";
		};
/* End PBXGroup section */

/* Begin PBXNativeTarget section */
		F5E092882A1CA63C0022807C /* FarmFusion */ = {
			isa = PBXNativeTarget;
			buildConfigurationList = F5E092AD2A1CA63E0022807C /* Build configuration list for PBXNativeTarget "FarmFusion" */;
			buildPhases = (
				F5E092852A1CA63C0022807C /* Sources */,
				F5E092862A1CA63C0022807C /* Frameworks */,
				F5E092872A1CA63C0022807C /* Resources */,
			);
			buildRules = (
			);
			dependencies = (
			);
			name = FarmFusion;
			productName = FarmFusion;
			productReference = F5E092892A1CA63C0022807C /* FarmFusion.app */;
			productType = "com.apple.product-type.application";
		};
		F5E092982A1CA63E0022807C /* FarmFusionTests */ = {
			isa = PBXNativeTarget;
			buildConfigurationList = F5E092B02A1CA63E0022807C /* Build configuration list for PBXNativeTarget "FarmFusionTests" */;
			buildPhases = (
				F5E092952A1CA63E0022807C /* Sources */,
				F5E092962A1CA63E0022807C /* Frameworks */,
				F5E092972A1CA63E0022807C /* Resources */,
			);
			buildRules = (
			);
			dependencies = (
				F5E0929B2A1CA63E0022807C /* PBXTargetDependency */,
			);
			name = FarmFusionTests;
			productName = FarmFusionTests;
			productReference = F5E092992A1CA63E0022807C /* FarmFusionTests.xctest */;
			productType = "com.apple.product-type.bundle.unit-test";
		};
		F5E092A22A1CA63E0022807C /* FarmFusionUITests */ = {
			isa = PBXNativeTarget;
			buildConfigurationList = F5E092B32A1CA63E0022807C /* Build configuration list for PBXNativeTarget "FarmFusionUITests" */;
			buildPhases = (
				F5E0929F2A1CA63E0022807C /* Sources */,
				F5E092A02A1CA63E0022807C /* Frameworks */,
				F5E092A12A1CA63E0022807C /* Resources */,
			);
			buildRules = (
			);
			dependencies = (
				F5E092A52A1CA63E0022807C /* PBXTargetDependency */,
			);
			name = FarmFusionUITests;
			productName = FarmFusionUITests;
			productReference = F5E092A32A1CA63E0022807C /* FarmFusionUITests.xctest */;
			productType = "com.apple.product-type.bundle.ui-testing";
		};
/* End PBXNativeTarget section */

/* Begin PBXProject section */
		F5E092812A1CA63C0022807C /* Project object */ = {
			isa = PBXProject;
			attributes = {
				BuildIndependentTargetsInParallel = 1;
				LastSwiftUpdateCheck = 1430;
				LastUpgradeCheck = 1430;
				TargetAttributes = {
					F5E092882A1CA63C0022807C = {
						CreatedOnToolsVersion = 14.3;
					};
					F5E092982A1CA63E0022807C = {
						CreatedOnToolsVersion = 14.3;
						TestTargetID = F5E092882A1CA63C0022807C;
					};
					F5E092A22A1CA63E0022807C = {
						CreatedOnToolsVersion = 14.3;
						TestTargetID = F5E092882A1CA63C0022807C;
					};
				};
			};
			buildConfigurationList = F5E092842A1CA63C0022807C /* Build configuration list for PBXProject "FarmFusion" */;
			compatibilityVersion = "Xcode 14.0";
			developmentRegion = en;
			hasScannedForEncodings = 0;
			knownRegions = (
				en,
				Base,
			);
			mainGroup = F5E092802A1CA63C0022807C;
			productRefGroup = F5E0928A2A1CA63C0022807C /* Products */;
			projectDirPath = "";
			projectRoot = "";
			targets = (
				F5E092882A1CA63C0022807C /* FarmFusion */,
				F5E092982A1CA63E0022807C /* FarmFusionTests */,
				F5E092A22A1CA63E0022807C /* FarmFusionUITests */,
			);
		};
/* End PBXProject section */

/* Begin PBXResourcesBuildPhase section */
		F5E092872A1CA63C0022807C /* Resources */ = {
			isa = PBXResourcesBuildPhase;
			buildActionMask = 2147483647;
			files = (
				F5E092942A1CA63E0022807C /* Preview Assets.xcassets in Resources */,
				F5E092912A1CA63E0022807C /* Assets.xcassets in Resources */,
			);
			runOnlyForDeploymentPostprocessing = 0;
		};
		F5E092972A1CA63E0022807C /* Resources */ = {
			isa = PBXResourcesBuildPhase;
			buildActionMask = 2147483647;
			files = (
			);
			runOnlyForDeploymentPostprocessing = 0;
		};
		F5E092A12A1CA63E0022807C /* Resources */ = {
			isa = PBXResourcesBuildPhase;
			buildActionMask = 2147483647;
			files = (
			);
			runOnlyForDeploymentPostprocessing = 0;
		};
/* End PBXResourcesBuildPhase section */

/* Begin PBXSourcesBuildPhase section */
		F5E092852A1CA63C0022807C /* Sources */ = {
			isa = PBXSourcesBuildPhase;
			buildActionMask = 2147483647;
			files = (
				F5E092BF2A1D0F740022807C /* SecondView.swift in Sources */,
				F5E0928F2A1CA63C0022807C /* ContentView.swift in Sources */,
				F5E092B72A1CA6CA0022807C /* SignUp.swift in Sources */,
				F5E092BB2A1CC0E10022807C /* ButtonView.swift in Sources */,
				F5E0928D2A1CA63C0022807C /* FarmFusionApp.swift in Sources */,
				F5E092BD2A1CCD340022807C /* TabBar.swift in Sources */,
			);
			runOnlyForDeploymentPostprocessing = 0;
		};
		F5E092952A1CA63E0022807C /* Sources */ = {
			isa = PBXSourcesBuildPhase;
			buildActionMask = 2147483647;
			files = (
				F5E0929E2A1CA63E0022807C /* FarmFusionTests.swift in Sources */,
			);
			runOnlyForDeploymentPostprocessing = 0;
		};
		F5E0929F2A1CA63E0022807C /* Sources */ = {
			isa = PBXSourcesBuildPhase;
			buildActionMask = 2147483647;
			files = (
				F5E092AA2A1CA63E0022807C /* FarmFusionUITestsLaunchTests.swift in Sources */,
				F5E092A82A1CA63E0022807C /* FarmFusionUITests.swift in Sources */,
			);
			runOnlyForDeploymentPostprocessing = 0;
		};
/* End PBXSourcesBuildPhase section */

/* Begin PBXTargetDependency section */
		F5E0929B2A1CA63E0022807C /* PBXTargetDependency */ = {
			isa = PBXTargetDependency;
			target = F5E092882A1CA63C0022807C /* FarmFusion */;
			targetProxy = F5E0929A2A1CA63E0022807C /* PBXContainerItemProxy */;
		};
		F5E092A52A1CA63E0022807C /* PBXTargetDependency */ = {
			isa = PBXTargetDependency;
			target = F5E092882A1CA63C0022807C /* FarmFusion */;
			targetProxy = F5E092A42A1CA63E0022807C /* PBXContainerItemProxy */;
		};
/* End PBXTargetDependency section */

/* Begin XCBuildConfiguration section */
		F5E092AB2A1CA63E0022807C /* Debug */ = {
			isa = XCBuildConfiguration;
			buildSettings = {
				ALWAYS_SEARCH_USER_PATHS = NO;
				CLANG_ANALYZER_NONNULL = YES;
				CLANG_ANALYZER_NUMBER_OBJECT_CONVERSION = YES_AGGRESSIVE;
				CLANG_CXX_LANGUAGE_STANDARD = "gnu++20";
				CLANG_ENABLE_MODULES = YES;
				CLANG_ENABLE_OBJC_ARC = YES;
				CLANG_ENABLE_OBJC_WEAK = YES;
				CLANG_WARN_BLOCK_CAPTURE_AUTORELEASING = YES;
				CLANG_WARN_BOOL_CONVERSION = YES;
				CLANG_WARN_COMMA = YES;
				CLANG_WARN_CONSTANT_CONVERSION = YES;
				CLANG_WARN_DEPRECATED_OBJC_IMPLEMENTATIONS = YES;
				CLANG_WARN_DIRECT_OBJC_ISA_USAGE = YES_ERROR;
				CLANG_WARN_DOCUMENTATION_COMMENTS = YES;
				CLANG_WARN_EMPTY_BODY = YES;
				CLANG_WARN_ENUM_CONVERSION = YES;
				CLANG_WARN_INFINITE_RECURSION = YES;
				CLANG_WARN_INT_CONVERSION = YES;
				CLANG_WARN_NON_LITERAL_NULL_CONVERSION = YES;
				CLANG_WARN_OBJC_IMPLICIT_RETAIN_SELF = YES;
				CLANG_WARN_OBJC_LITERAL_CONVERSION = YES;
				CLANG_WARN_OBJC_ROOT_CLASS = YES_ERROR;
				CLANG_WARN_QUOTED_INCLUDE_IN_FRAMEWORK_HEADER = YES;
				CLANG_WARN_RANGE_LOOP_ANALYSIS = YES;
				CLANG_WARN_STRICT_PROTOTYPES = YES;
				CLANG_WARN_SUSPICIOUS_MOVE = YES;
				CLANG_WARN_UNGUARDED_AVAILABILITY = YES_AGGRESSIVE;
				CLANG_WARN_UNREACHABLE_CODE = YES;
				CLANG_WARN__DUPLICATE_METHOD_MATCH = YES;
				COPY_PHASE_STRIP = NO;
				DEBUG_INFORMATION_FORMAT = dwarf;
				ENABLE_STRICT_OBJC_MSGSEND = YES;
				ENABLE_TESTABILITY = YES;
				GCC_C_LANGUAGE_STANDARD = gnu11;
				GCC_DYNAMIC_NO_PIC = NO;
				GCC_NO_COMMON_BLOCKS = YES;
				GCC_OPTIMIZATION_LEVEL = 0;
				GCC_PREPROCESSOR_DEFINITIONS = (
					"DEBUG=1",
					"$(inherited)",
				);
				GCC_WARN_64_TO_32_BIT_CONVERSION = YES;
				GCC_WARN_ABOUT_RETURN_TYPE = YES_ERROR;
				GCC_WARN_UNDECLARED_SELECTOR = YES;
				GCC_WARN_UNINITIALIZED_AUTOS = YES_AGGRESSIVE;
				GCC_WARN_UNUSED_FUNCTION = YES;
				GCC_WARN_UNUSED_VARIABLE = YES;
				IPHONEOS_DEPLOYMENT_TARGET = 16.4;
				MTL_ENABLE_DEBUG_INFO = INCLUDE_SOURCE;
				MTL_FAST_MATH = YES;
				ONLY_ACTIVE_ARCH = YES;
				SDKROOT = iphoneos;
				SWIFT_ACTIVE_COMPILATION_CONDITIONS = DEBUG;
				SWIFT_OPTIMIZATION_LEVEL = "-Onone";
			};
			name = Debug;
		};
		F5E092AC2A1CA63E0022807C /* Release */ = {
			isa = XCBuildConfiguration;
			buildSettings = {
				ALWAYS_SEARCH_USER_PATHS = NO;
				CLANG_ANALYZER_NONNULL = YES;
				CLANG_ANALYZER_NUMBER_OBJECT_CONVERSION = YES_AGGRESSIVE;
				CLANG_CXX_LANGUAGE_STANDARD = "gnu++20";
				CLANG_ENABLE_MODULES = YES;
				CLANG_ENABLE_OBJC_ARC = YES;
				CLANG_ENABLE_OBJC_WEAK = YES;
				CLANG_WARN_BLOCK_CAPTURE_AUTORELEASING = YES;
				CLANG_WARN_BOOL_CONVERSION = YES;
				CLANG_WARN_COMMA = YES;
				CLANG_WARN_CONSTANT_CONVERSION = YES;
				CLANG_WARN_DEPRECATED_OBJC_IMPLEMENTATIONS = YES;
				CLANG_WARN_DIRECT_OBJC_ISA_USAGE = YES_ERROR;
				CLANG_WARN_DOCUMENTATION_COMMENTS = YES;
				CLANG_WARN_EMPTY_BODY = YES;
				CLANG_WARN_ENUM_CONVERSION = YES;
				CLANG_WARN_INFINITE_RECURSION = YES;
				CLANG_WARN_INT_CONVERSION = YES;
				CLANG_WARN_NON_LITERAL_NULL_CONVERSION = YES;
				CLANG_WARN_OBJC_IMPLICIT_RETAIN_SELF = YES;
				CLANG_WARN_OBJC_LITERAL_CONVERSION = YES;
				CLANG_WARN_OBJC_ROOT_CLASS = YES_ERROR;
				CLANG_WARN_QUOTED_INCLUDE_IN_FRAMEWORK_HEADER = YES;
				CLANG_WARN_RANGE_LOOP_ANALYSIS = YES;
				CLANG_WARN_STRICT_PROTOTYPES = YES;
				CLANG_WARN_SUSPICIOUS_MOVE = YES;
				CLANG_WARN_UNGUARDED_AVAILABILITY = YES_AGGRESSIVE;
				CLANG_WARN_UNREACHABLE_CODE = YES;
				CLANG_WARN__DUPLICATE_METHOD_MATCH = YES;
				COPY_PHASE_STRIP = NO;
				DEBUG_INFORMATION_FORMAT = "dwarf-with-dsym";
				ENABLE_NS_ASSERTIONS = NO;
				ENABLE_STRICT_OBJC_MSGSEND = YES;
				GCC_C_LANGUAGE_STANDARD = gnu11;
				GCC_NO_COMMON_BLOCKS = YES;
				GCC_WARN_64_TO_32_BIT_CONVERSION = YES;
				GCC_WARN_ABOUT_RETURN_TYPE = YES_ERROR;
				GCC_WARN_UNDECLARED_SELECTOR = YES;
				GCC_WARN_UNINITIALIZED_AUTOS = YES_AGGRESSIVE;
				GCC_WARN_UNUSED_FUNCTION = YES;
				GCC_WARN_UNUSED_VARIABLE = YES;
				IPHONEOS_DEPLOYMENT_TARGET = 16.4;
				MTL_ENABLE_DEBUG_INFO = NO;
				MTL_FAST_MATH = YES;
				SDKROOT = iphoneos;
				SWIFT_COMPILATION_MODE = wholemodule;
				SWIFT_OPTIMIZATION_LEVEL = "-O";
				VALIDATE_PRODUCT = YES;
			};
			name = Release;
		};
		F5E092AE2A1CA63E0022807C /* Debug */ = {
			isa = XCBuildConfiguration;
			buildSettings = {
				ASSETCATALOG_COMPILER_APPICON_NAME = AppIcon;
				ASSETCATALOG_COMPILER_GLOBAL_ACCENT_COLOR_NAME = AccentColor;
				CODE_SIGN_STYLE = Automatic;
				CURRENT_PROJECT_VERSION = 1;
				DEVELOPMENT_ASSET_PATHS = "\"FarmFusion/Preview Content\"";
				DEVELOPMENT_TEAM = QFP5U2D9MM;
				ENABLE_PREVIEWS = YES;
				GENERATE_INFOPLIST_FILE = YES;
				INFOPLIST_KEY_UIApplicationSceneManifest_Generation = YES;
				INFOPLIST_KEY_UIApplicationSupportsIndirectInputEvents = YES;
				INFOPLIST_KEY_UILaunchScreen_Generation = YES;
				INFOPLIST_KEY_UISupportedInterfaceOrientations_iPad = "UIInterfaceOrientationPortrait UIInterfaceOrientationPortraitUpsideDown UIInterfaceOrientationLandscapeLeft UIInterfaceOrientationLandscapeRight";
				INFOPLIST_KEY_UISupportedInterfaceOrientations_iPhone = "UIInterfaceOrientationPortrait UIInterfaceOrientationLandscapeLeft UIInterfaceOrientationLandscapeRight";
				LD_RUNPATH_SEARCH_PATHS = (
					"$(inherited)",
					"@executable_path/Frameworks",
				);
				MARKETING_VERSION = 1.0;
				PRODUCT_BUNDLE_IDENTIFIER = com.shahad.FarmFusion;
				PRODUCT_NAME = "$(TARGET_NAME)";
				SWIFT_EMIT_LOC_STRINGS = YES;
				SWIFT_VERSION = 5.0;
				TARGETED_DEVICE_FAMILY = "1,2";
			};
			name = Debug;
		};
		F5E092AF2A1CA63E0022807C /* Release */ = {
			isa = XCBuildConfiguration;
			buildSettings = {
				ASSETCATALOG_COMPILER_APPICON_NAME = AppIcon;
				ASSETCATALOG_COMPILER_GLOBAL_ACCENT_COLOR_NAME = AccentColor;
				CODE_SIGN_STYLE = Automatic;
				CURRENT_PROJECT_VERSION = 1;
				DEVELOPMENT_ASSET_PATHS = "\"FarmFusion/Preview Content\"";
				DEVELOPMENT_TEAM = QFP5U2D9MM;
				ENABLE_PREVIEWS = YES;
				GENERATE_INFOPLIST_FILE = YES;
				INFOPLIST_KEY_UIApplicationSceneManifest_Generation = YES;
				INFOPLIST_KEY_UIApplicationSupportsIndirectInputEvents = YES;
				INFOPLIST_KEY_UILaunchScreen_Generation = YES;
				INFOPLIST_KEY_UISupportedInterfaceOrientations_iPad = "UIInterfaceOrientationPortrait UIInterfaceOrientationPortraitUpsideDown UIInterfaceOrientationLandscapeLeft UIInterfaceOrientationLandscapeRight";
				INFOPLIST_KEY_UISupportedInterfaceOrientations_iPhone = "UIInterfaceOrientationPortrait UIInterfaceOrientationLandscapeLeft UIInterfaceOrientationLandscapeRight";
				LD_RUNPATH_SEARCH_PATHS = (
					"$(inherited)",
					"@executable_path/Frameworks",
				);
				MARKETING_VERSION = 1.0;
				PRODUCT_BUNDLE_IDENTIFIER = com.shahad.FarmFusion;
				PRODUCT_NAME = "$(TARGET_NAME)";
				SWIFT_EMIT_LOC_STRINGS = YES;
				SWIFT_VERSION = 5.0;
				TARGETED_DEVICE_FAMILY = "1,2";
			};
			name = Release;
		};
		F5E092B12A1CA63E0022807C /* Debug */ = {
			isa = XCBuildConfiguration;
			buildSettings = {
				ALWAYS_EMBED_SWIFT_STANDARD_LIBRARIES = YES;
				BUNDLE_LOADER = "$(TEST_HOST)";
				CODE_SIGN_STYLE = Automatic;
				CURRENT_PROJECT_VERSION = 1;
				DEVELOPMENT_TEAM = QFP5U2D9MM;
				GENERATE_INFOPLIST_FILE = YES;
				IPHONEOS_DEPLOYMENT_TARGET = 16.4;
				MARKETING_VERSION = 1.0;
				PRODUCT_BUNDLE_IDENTIFIER = com.shahad.FarmFusionTests;
				PRODUCT_NAME = "$(TARGET_NAME)";
				SWIFT_EMIT_LOC_STRINGS = NO;
				SWIFT_VERSION = 5.0;
				TARGETED_DEVICE_FAMILY = "1,2";
				TEST_HOST = "$(BUILT_PRODUCTS_DIR)/FarmFusion.app/$(BUNDLE_EXECUTABLE_FOLDER_PATH)/FarmFusion";
			};
			name = Debug;
		};
		F5E092B22A1CA63E0022807C /* Release */ = {
			isa = XCBuildConfiguration;
			buildSettings = {
				ALWAYS_EMBED_SWIFT_STANDARD_LIBRARIES = YES;
				BUNDLE_LOADER = "$(TEST_HOST)";
				CODE_SIGN_STYLE = Automatic;
				CURRENT_PROJECT_VERSION = 1;
				DEVELOPMENT_TEAM = QFP5U2D9MM;
				GENERATE_INFOPLIST_FILE = YES;
				IPHONEOS_DEPLOYMENT_TARGET = 16.4;
				MARKETING_VERSION = 1.0;
				PRODUCT_BUNDLE_IDENTIFIER = com.shahad.FarmFusionTests;
				PRODUCT_NAME = "$(TARGET_NAME)";
				SWIFT_EMIT_LOC_STRINGS = NO;
				SWIFT_VERSION = 5.0;
				TARGETED_DEVICE_FAMILY = "1,2";
				TEST_HOST = "$(BUILT_PRODUCTS_DIR)/FarmFusion.app/$(BUNDLE_EXECUTABLE_FOLDER_PATH)/FarmFusion";
			};
			name = Release;
		};
		F5E092B42A1CA63E0022807C /* Debug */ = {
			isa = XCBuildConfiguration;
			buildSettings = {
				ALWAYS_EMBED_SWIFT_STANDARD_LIBRARIES = YES;
				CODE_SIGN_STYLE = Automatic;
				CURRENT_PROJECT_VERSION = 1;
				DEVELOPMENT_TEAM = QFP5U2D9MM;
				GENERATE_INFOPLIST_FILE = YES;
				MARKETING_VERSION = 1.0;
				PRODUCT_BUNDLE_IDENTIFIER = com.shahad.FarmFusionUITests;
				PRODUCT_NAME = "$(TARGET_NAME)";
				SWIFT_EMIT_LOC_STRINGS = NO;
				SWIFT_VERSION = 5.0;
				TARGETED_DEVICE_FAMILY = "1,2";
				TEST_TARGET_NAME = FarmFusion;
			};
			name = Debug;
		};
		F5E092B52A1CA63E0022807C /* Release */ = {
			isa = XCBuildConfiguration;
			buildSettings = {
				ALWAYS_EMBED_SWIFT_STANDARD_LIBRARIES = YES;
				CODE_SIGN_STYLE = Automatic;
				CURRENT_PROJECT_VERSION = 1;
				DEVELOPMENT_TEAM = QFP5U2D9MM;
				GENERATE_INFOPLIST_FILE = YES;
				MARKETING_VERSION = 1.0;
				PRODUCT_BUNDLE_IDENTIFIER = com.shahad.FarmFusionUITests;
				PRODUCT_NAME = "$(TARGET_NAME)";
				SWIFT_EMIT_LOC_STRINGS = NO;
				SWIFT_VERSION = 5.0;
				TARGETED_DEVICE_FAMILY = "1,2";
				TEST_TARGET_NAME = FarmFusion;
			};
			name = Release;
		};
/* End XCBuildConfiguration section */

/* Begin XCConfigurationList section */
		F5E092842A1CA63C0022807C /* Build configuration list for PBXProject "FarmFusion" */ = {
			isa = XCConfigurationList;
			buildConfigurations = (
				F5E092AB2A1CA63E0022807C /* Debug */,
				F5E092AC2A1CA63E0022807C /* Release */,
			);
			defaultConfigurationIsVisible = 0;
			defaultConfigurationName = Release;
		};
		F5E092AD2A1CA63E0022807C /* Build configuration list for PBXNativeTarget "FarmFusion" */ = {
			isa = XCConfigurationList;
			buildConfigurations = (
				F5E092AE2A1CA63E0022807C /* Debug */,
				F5E092AF2A1CA63E0022807C /* Release */,
			);
			defaultConfigurationIsVisible = 0;
			defaultConfigurationName = Release;
		};
		F5E092B02A1CA63E0022807C /* Build configuration list for PBXNativeTarget "FarmFusionTests" */ = {
			isa = XCConfigurationList;
			buildConfigurations = (
				F5E092B12A1CA63E0022807C /* Debug */,
				F5E092B22A1CA63E0022807C /* Release */,
			);
			defaultConfigurationIsVisible = 0;
			defaultConfigurationName = Release;
		};
		F5E092B32A1CA63E0022807C /* Build configuration list for PBXNativeTarget "FarmFusionUITests" */ = {
			isa = XCConfigurationList;
			buildConfigurations = (
				F5E092B42A1CA63E0022807C /* Debug */,
				F5E092B52A1CA63E0022807C /* Release */,
			);
			defaultConfigurationIsVisible = 0;
			defaultConfigurationName = Release;
		};
/* End XCConfigurationList section */
	};
	rootObject = F5E092812A1CA63C0022807C /* Project object */;
}
